
Microsoft Visual Studio Solution File, Format Version 12.00
# Visual Studio 15
VisualStudioVersion = 15.0.28010.2003
MinimumVisualStudioVersion = 10.0.40219.1
Project("{2150E333-8FDC-42A3-9474-1A3956D46DE8}") = "Sources", "Sources", "{054B765E-4F2C-450F-97E5-DAA06EEFEF16}"
EndProject
Project("{2150E333-8FDC-42A3-9474-1A3956D46DE8}") = "UnitTests", "UnitTests", "{04F09625-469C-4725-BD82-D03E6E9E3087}"
EndProject
Project("{2150E333-8FDC-42A3-9474-1A3956D46DE8}") = "Tests", "Tests", "{E6F84C64-5D60-4FFF-AEDA-90719417C196}"
EndProject
Project("{FAE04EC0-301F-11D3-BF4B-00C04F79EFBC}") = "HelpFileMarkdownBuilder", "Sources\HelpFileMarkdownBuilder\HelpFileMarkdownBuilder.csproj", "{70EF9D45-67BE-4B0A-993F-534B2B9883C7}"
EndProject
Project("{FAE04EC0-301F-11D3-BF4B-00C04F79EFBC}") = "HelpFileMarkdownBuilder.Base", "Sources\HelpFileMarkdownBuilder.Base\HelpFileMarkdownBuilder.Base.csproj", "{6397732C-B4CF-49D7-842F-8E80B52CDEB2}"
EndProject
Project("{FAE04EC0-301F-11D3-BF4B-00C04F79EFBC}") = "HelpFileMarkdownBuilder.CSharp.Builder", "Sources\HelpFileMarkdownBuilder.CSharp.Builder\HelpFileMarkdownBuilder.CSharp.Builder.csproj", "{13E230BA-4E30-44E7-ACC6-B88886D4FBD0}"
EndProject
Project("{FAE04EC0-301F-11D3-BF4B-00C04F79EFBC}") = "HelpFileMarkdownBuilder.CSharp.Serialization.XmlDocFile", "Sources\HelpFileMarkdownBuilder.CSharp.Serialization.XmlDocFile\HelpFileMarkdownBuilder.CSharp.Serialization.XmlDocFile.csproj", "{729EDF9C-310C-4F4E-B284-8C3F1009A79A}"
EndProject
Project("{FAE04EC0-301F-11D3-BF4B-00C04F79EFBC}") = "HelpFileMarkdownBuilder.Tests.Assembly1", "Tests\HelpFileMarkdownBuilder.Tests.Assembly1\HelpFileMarkdownBuilder.Tests.Assembly1.csproj", "{B2BAA4F6-2B4F-4870-BE9D-F5118FBDCB33}"
EndProject
Project("{FAE04EC0-301F-11D3-BF4B-00C04F79EFBC}") = "HelpFileMarkdownBuilder.Tests.Assembly2", "Tests\HelpFileMarkdownBuilder.Tests.Assembly2\HelpFileMarkdownBuilder.Tests.Assembly2.csproj", "{6CE5E7FB-91C2-4F14-87A3-61F68388D856}"
EndProject
Project("{FAE04EC0-301F-11D3-BF4B-00C04F79EFBC}") = "HelpFileMarkdownBuilder.Tests", "Tests\HelpFileMarkdownBuilder.Tests\HelpFileMarkdownBuilder.Tests.csproj", "{F20DC6EC-745F-4D66-BC6D-22E52BF15985}"
EndProject
Project("{FAE04EC0-301F-11D3-BF4B-00C04F79EFBC}") = "HelpFileMarkdownBuilder.CSharp.Serialization.CSProjFile", "Sources\HelpFileMarkdownBuilder.CSharp.Serialization.CSProjFile\HelpFileMarkdownBuilder.CSharp.Serialization.CSProjFile.csproj", "{AB976461-733F-428B-B991-F9D7327FB646}"
EndProject
Project("{FAE04EC0-301F-11D3-BF4B-00C04F79EFBC}") = "HelpFileMarkdownBuilder.Serialization.SlnFile", "Sources\HelpFileMarkdownBuilder.Serialization.SlnFile\HelpFileMarkdownBuilder.Serialization.SlnFile.csproj", "{1DF9BA94-699B-4DED-9BFA-5760E764BBCA}"
EndProject
Project("{FAE04EC0-301F-11D3-BF4B-00C04F79EFBC}") = "HelpFileMarkdownBuilder.CSharp.Members", "Sources\HelpFileMarkdownBuilder.CSharp.Members\HelpFileMarkdownBuilder.CSharp.Members.csproj", "{5A37DBD5-9B3E-431A-9558-D613AEAE0D15}"
EndProject
Project("{FAE04EC0-301F-11D3-BF4B-00C04F79EFBC}") = "HelpFileMarkdownBuilder.Tests", "UnitTests\HelpFileMarkdownBuilder.Tests\HelpFileMarkdownBuilder.Tests.csproj", "{D5678950-1E75-4DB5-83CC-3123DDE9EE4F}"
EndProject
Project("{FAE04EC0-301F-11D3-BF4B-00C04F79EFBC}") = "HelpFileMarkdownBuilder.Base.Tests", "UnitTests\HelpFileMarkdownBuilder.Base.Tests\HelpFileMarkdownBuilder.Base.Tests.csproj", "{5A6C6503-6746-438D-9030-792CB759A5F7}"
EndProject
Global
	GlobalSection(SolutionConfigurationPlatforms) = preSolution
		Debug|Any CPU = Debug|Any CPU
		Release|Any CPU = Release|Any CPU
	EndGlobalSection
	GlobalSection(ProjectConfigurationPlatforms) = postSolution
		{70EF9D45-67BE-4B0A-993F-534B2B9883C7}.Debug|Any CPU.ActiveCfg = Debug|Any CPU
		{70EF9D45-67BE-4B0A-993F-534B2B9883C7}.Debug|Any CPU.Build.0 = Debug|Any CPU
		{70EF9D45-67BE-4B0A-993F-534B2B9883C7}.Release|Any CPU.ActiveCfg = Release|Any CPU
		{70EF9D45-67BE-4B0A-993F-534B2B9883C7}.Release|Any CPU.Build.0 = Release|Any CPU
		{6397732C-B4CF-49D7-842F-8E80B52CDEB2}.Debug|Any CPU.ActiveCfg = Debug|Any CPU
		{6397732C-B4CF-49D7-842F-8E80B52CDEB2}.Debug|Any CPU.Build.0 = Debug|Any CPU
		{6397732C-B4CF-49D7-842F-8E80B52CDEB2}.Release|Any CPU.ActiveCfg = Release|Any CPU
		{6397732C-B4CF-49D7-842F-8E80B52CDEB2}.Release|Any CPU.Build.0 = Release|Any CPU
		{13E230BA-4E30-44E7-ACC6-B88886D4FBD0}.Debug|Any CPU.ActiveCfg = Debug|Any CPU
		{13E230BA-4E30-44E7-ACC6-B88886D4FBD0}.Debug|Any CPU.Build.0 = Debug|Any CPU
		{13E230BA-4E30-44E7-ACC6-B88886D4FBD0}.Release|Any CPU.ActiveCfg = Release|Any CPU
		{13E230BA-4E30-44E7-ACC6-B88886D4FBD0}.Release|Any CPU.Build.0 = Release|Any CPU
		{729EDF9C-310C-4F4E-B284-8C3F1009A79A}.Debug|Any CPU.ActiveCfg = Debug|Any CPU
		{729EDF9C-310C-4F4E-B284-8C3F1009A79A}.Debug|Any CPU.Build.0 = Debug|Any CPU
		{729EDF9C-310C-4F4E-B284-8C3F1009A79A}.Release|Any CPU.ActiveCfg = Release|Any CPU
		{729EDF9C-310C-4F4E-B284-8C3F1009A79A}.Release|Any CPU.Build.0 = Release|Any CPU
		{B2BAA4F6-2B4F-4870-BE9D-F5118FBDCB33}.Debug|Any CPU.ActiveCfg = Debug|Any CPU
		{B2BAA4F6-2B4F-4870-BE9D-F5118FBDCB33}.Debug|Any CPU.Build.0 = Debug|Any CPU
		{B2BAA4F6-2B4F-4870-BE9D-F5118FBDCB33}.Release|Any CPU.ActiveCfg = Release|Any CPU
		{B2BAA4F6-2B4F-4870-BE9D-F5118FBDCB33}.Release|Any CPU.Build.0 = Release|Any CPU
		{6CE5E7FB-91C2-4F14-87A3-61F68388D856}.Debug|Any CPU.ActiveCfg = Debug|Any CPU
		{6CE5E7FB-91C2-4F14-87A3-61F68388D856}.Debug|Any CPU.Build.0 = Debug|Any CPU
		{6CE5E7FB-91C2-4F14-87A3-61F68388D856}.Release|Any CPU.ActiveCfg = Release|Any CPU
		{6CE5E7FB-91C2-4F14-87A3-61F68388D856}.Release|Any CPU.Build.0 = Release|Any CPU
		{F20DC6EC-745F-4D66-BC6D-22E52BF15985}.Debug|Any CPU.ActiveCfg = Debug|Any CPU
		{F20DC6EC-745F-4D66-BC6D-22E52BF15985}.Debug|Any CPU.Build.0 = Debug|Any CPU
		{F20DC6EC-745F-4D66-BC6D-22E52BF15985}.Release|Any CPU.ActiveCfg = Release|Any CPU
		{F20DC6EC-745F-4D66-BC6D-22E52BF15985}.Release|Any CPU.Build.0 = Release|Any CPU
		{AB976461-733F-428B-B991-F9D7327FB646}.Debug|Any CPU.ActiveCfg = Debug|Any CPU
		{AB976461-733F-428B-B991-F9D7327FB646}.Debug|Any CPU.Build.0 = Debug|Any CPU
		{AB976461-733F-428B-B991-F9D7327FB646}.Release|Any CPU.ActiveCfg = Release|Any CPU
		{AB976461-733F-428B-B991-F9D7327FB646}.Release|Any CPU.Build.0 = Release|Any CPU
		{1DF9BA94-699B-4DED-9BFA-5760E764BBCA}.Debug|Any CPU.ActiveCfg = Debug|Any CPU
		{1DF9BA94-699B-4DED-9BFA-5760E764BBCA}.Debug|Any CPU.Build.0 = Debug|Any CPU
		{1DF9BA94-699B-4DED-9BFA-5760E764BBCA}.Release|Any CPU.ActiveCfg = Release|Any CPU
		{1DF9BA94-699B-4DED-9BFA-5760E764BBCA}.Release|Any CPU.Build.0 = Release|Any CPU
		{5A37DBD5-9B3E-431A-9558-D613AEAE0D15}.Debug|Any CPU.ActiveCfg = Debug|Any CPU
		{5A37DBD5-9B3E-431A-9558-D613AEAE0D15}.Debug|Any CPU.Build.0 = Debug|Any CPU
		{5A37DBD5-9B3E-431A-9558-D613AEAE0D15}.Release|Any CPU.ActiveCfg = Release|Any CPU
		{5A37DBD5-9B3E-431A-9558-D613AEAE0D15}.Release|Any CPU.Build.0 = Release|Any CPU
		{D5678950-1E75-4DB5-83CC-3123DDE9EE4F}.Debug|Any CPU.ActiveCfg = Debug|Any CPU
		{D5678950-1E75-4DB5-83CC-3123DDE9EE4F}.Debug|Any CPU.Build.0 = Debug|Any CPU
		{D5678950-1E75-4DB5-83CC-3123DDE9EE4F}.Release|Any CPU.ActiveCfg = Release|Any CPU
		{D5678950-1E75-4DB5-83CC-3123DDE9EE4F}.Release|Any CPU.Build.0 = Release|Any CPU
		{5A6C6503-6746-438D-9030-792CB759A5F7}.Debug|Any CPU.ActiveCfg = Debug|Any CPU
		{5A6C6503-6746-438D-9030-792CB759A5F7}.Debug|Any CPU.Build.0 = Debug|Any CPU
		{5A6C6503-6746-438D-9030-792CB759A5F7}.Release|Any CPU.ActiveCfg = Release|Any CPU
		{5A6C6503-6746-438D-9030-792CB759A5F7}.Release|Any CPU.Build.0 = Release|Any CPU
	EndGlobalSection
	GlobalSection(SolutionProperties) = preSolution
		HideSolutionNode = FALSE
	EndGlobalSection
	GlobalSection(NestedProjects) = preSolution
		{70EF9D45-67BE-4B0A-993F-534B2B9883C7} = {054B765E-4F2C-450F-97E5-DAA06EEFEF16}
		{6397732C-B4CF-49D7-842F-8E80B52CDEB2} = {054B765E-4F2C-450F-97E5-DAA06EEFEF16}
		{13E230BA-4E30-44E7-ACC6-B88886D4FBD0} = {054B765E-4F2C-450F-97E5-DAA06EEFEF16}
		{729EDF9C-310C-4F4E-B284-8C3F1009A79A} = {054B765E-4F2C-450F-97E5-DAA06EEFEF16}
		{B2BAA4F6-2B4F-4870-BE9D-F5118FBDCB33} = {E6F84C64-5D60-4FFF-AEDA-90719417C196}
		{6CE5E7FB-91C2-4F14-87A3-61F68388D856} = {E6F84C64-5D60-4FFF-AEDA-90719417C196}
		{F20DC6EC-745F-4D66-BC6D-22E52BF15985} = {E6F84C64-5D60-4FFF-AEDA-90719417C196}
		{AB976461-733F-428B-B991-F9D7327FB646} = {054B765E-4F2C-450F-97E5-DAA06EEFEF16}
		{1DF9BA94-699B-4DED-9BFA-5760E764BBCA} = {054B765E-4F2C-450F-97E5-DAA06EEFEF16}
		{5A37DBD5-9B3E-431A-9558-D613AEAE0D15} = {054B765E-4F2C-450F-97E5-DAA06EEFEF16}
		{D5678950-1E75-4DB5-83CC-3123DDE9EE4F} = {04F09625-469C-4725-BD82-D03E6E9E3087}
		{5A6C6503-6746-438D-9030-792CB759A5F7} = {04F09625-469C-4725-BD82-D03E6E9E3087}
	EndGlobalSection
	GlobalSection(ExtensibilityGlobals) = postSolution
		SolutionGuid = {794D52BA-CE65-45AF-B660-12DFA562AB47}
	EndGlobalSection
EndGlobal
